
Microsoft Visual Studio Solution File, Format Version 12.00
# Visual Studio Version 17
VisualStudioVersion = 17.0.31903.59
MinimumVisualStudioVersion = 10.0.40219.1
Project("{2150E333-8FDC-42A3-9474-1A3956D46DE8}") = "05-Creating-Mini-Game-with-GitHub-Copilot", "05-Creating-Mini-Game-with-GitHub-Copilot", "{4E826661-E307-4E89-AB22-E31AAD7A541F}"
EndProject
Project("{FAE04EC0-301F-11D3-BF4B-00C04F79EFBC}") = "MiniGame", "05-Creating-Mini-Game-with-GitHub-Copilot\MiniGame\MiniGame.csproj", "{ED8CF238-896C-4DD4-89B7-B9FF7232A3FE}"
EndProject
Global
	GlobalSection(SolutionConfigurationPlatforms) = preSolution
		Debug|Any CPU = Debug|Any CPU
		Release|Any CPU = Release|Any CPU
	EndGlobalSection
	GlobalSection(SolutionProperties) = preSolution
		HideSolutionNode = FALSE
	EndGlobalSection
	GlobalSection(ProjectConfigurationPlatforms) = postSolution
		{ED8CF238-896C-4DD4-89B7-B9FF7232A3FE}.Debug|Any CPU.ActiveCfg = Debug|Any CPU
		{ED8CF238-896C-4DD4-89B7-B9FF7232A3FE}.Debug|Any CPU.Build.0 = Debug|Any CPU
		{ED8CF238-896C-4DD4-89B7-B9FF7232A3FE}.Release|Any CPU.ActiveCfg = Release|Any CPU
		{ED8CF238-896C-4DD4-89B7-B9FF7232A3FE}.Release|Any CPU.Build.0 = Release|Any CPU
	EndGlobalSection
	GlobalSection(NestedProjects) = preSolution
		{ED8CF238-896C-4DD4-89B7-B9FF7232A3FE} = {4E826661-E307-4E89-AB22-E31AAD7A541F}
	EndGlobalSection
EndGlobal
